
Microsoft Visual Studio Solution File, Format Version 12.00
# Visual Studio Version 16
VisualStudioVersion = 16.0.31205.134
MinimumVisualStudioVersion = 10.0.40219.1
Project("{8BC9CEB8-8B4A-11D0-8D11-00A0C91BC942}") = "Captain Hook", "Captain Hook\Captain Hook.vcxproj", "{845E10A0-8B82-4E34-9B37-DC6F3FF02B4E}"
	ProjectSection(ProjectDependencies) = postProject
		{DA6FE44A-10D6-435E-A1EE-8CE8E9D5B841} = {DA6FE44A-10D6-435E-A1EE-8CE8E9D5B841}
	EndProjectSection
EndProject
Project("{8BC9CEB8-8B4A-11D0-8D11-00A0C91BC942}") = "Smee", "Smee\Smee.vcxproj", "{DA6FE44A-10D6-435E-A1EE-8CE8E9D5B841}"
EndProject
Project("{8BC9CEB8-8B4A-11D0-8D11-00A0C91BC942}") = "DetoursDll", "DetoursDll\DetoursDll.vcxproj", "{D2A84A08-792D-43E4-B907-642A276F9A3B}"
EndProject
Global
	GlobalSection(SolutionConfigurationPlatforms) = preSolution
		Debug|x64 = Debug|x64
		Debug|x86 = Debug|x86
		Release|x64 = Release|x64
		Release|x86 = Release|x86
	EndGlobalSection
	GlobalSection(ProjectConfigurationPlatforms) = postSolution
		{845E10A0-8B82-4E34-9B37-DC6F3FF02B4E}.Debug|x64.ActiveCfg = Debug|x64
		{845E10A0-8B82-4E34-9B37-DC6F3FF02B4E}.Debug|x64.Build.0 = Debug|x64
		{845E10A0-8B82-4E34-9B37-DC6F3FF02B4E}.Debug|x86.ActiveCfg = Debug|Win32
		{845E10A0-8B82-4E34-9B37-DC6F3FF02B4E}.Debug|x86.Build.0 = Debug|Win32
		{845E10A0-8B82-4E34-9B37-DC6F3FF02B4E}.Release|x64.ActiveCfg = Release|x64
		{845E10A0-8B82-4E34-9B37-DC6F3FF02B4E}.Release|x64.Build.0 = Release|x64
		{845E10A0-8B82-4E34-9B37-DC6F3FF02B4E}.Release|x86.ActiveCfg = Release|Win32
		{845E10A0-8B82-4E34-9B37-DC6F3FF02B4E}.Release|x86.Build.0 = Release|Win32
		{DA6FE44A-10D6-435E-A1EE-8CE8E9D5B841}.Debug|x64.ActiveCfg = Debug|x64
		{DA6FE44A-10D6-435E-A1EE-8CE8E9D5B841}.Debug|x64.Build.0 = Debug|x64
		{DA6FE44A-10D6-435E-A1EE-8CE8E9D5B841}.Debug|x86.ActiveCfg = Debug|Win32
		{DA6FE44A-10D6-435E-A1EE-8CE8E9D5B841}.Debug|x86.Build.0 = Debug|Win32
		{DA6FE44A-10D6-435E-A1EE-8CE8E9D5B841}.Release|x64.ActiveCfg = Release|x64
		{DA6FE44A-10D6-435E-A1EE-8CE8E9D5B841}.Release|x64.Build.0 = Release|x64
		{DA6FE44A-10D6-435E-A1EE-8CE8E9D5B841}.Release|x86.ActiveCfg = Release|Win32
		{DA6FE44A-10D6-435E-A1EE-8CE8E9D5B841}.Release|x86.Build.0 = Release|Win32
		{D2A84A08-792D-43E4-B907-642A276F9A3B}.Debug|x64.ActiveCfg = Debug|x64
		{D2A84A08-792D-43E4-B907-642A276F9A3B}.Debug|x64.Build.0 = Debug|x64
		{D2A84A08-792D-43E4-B907-642A276F9A3B}.Debug|x86.ActiveCfg = Debug|Win32
		{D2A84A08-792D-43E4-B907-642A276F9A3B}.Debug|x86.Build.0 = Debug|Win32
		{D2A84A08-792D-43E4-B907-642A276F9A3B}.Release|x64.ActiveCfg = Release|x64
		{D2A84A08-792D-43E4-B907-642A276F9A3B}.Release|x64.Build.0 = Release|x64
		{D2A84A08-792D-43E4-B907-642A276F9A3B}.Release|x86.ActiveCfg = Release|Win32
		{D2A84A08-792D-43E4-B907-642A276F9A3B}.Release|x86.Build.0 = Release|Win32
	EndGlobalSection
	GlobalSection(SolutionProperties) = preSolution
		HideSolutionNode = FALSE
	EndGlobalSection
	GlobalSection(ExtensibilityGlobals) = postSolution
		SolutionGuid = {54061084-D497-4FCD-90C5-5E92B33F55A5}
	EndGlobalSection
EndGlobal
